
Microsoft Visual Studio Solution File, Format Version 12.00
# Visual Studio Version 17
VisualStudioVersion = 17.10.35027.167
MinimumVisualStudioVersion = 10.0.40219.1
Project("{FAE04EC0-301F-11D3-BF4B-00C04F79EFBC}") = "ejercicio5", "ejercicio5\ejercicio5.csproj", "{B7E64353-B374-490C-B8AD-087B508EA2DE}"
EndProject
Global
	GlobalSection(SolutionConfigurationPlatforms) = preSolution
		Debug|Any CPU = Debug|Any CPU
		Release|Any CPU = Release|Any CPU
	EndGlobalSection
	GlobalSection(ProjectConfigurationPlatforms) = postSolution
		{B7E64353-B374-490C-B8AD-087B508EA2DE}.Debug|Any CPU.ActiveCfg = Debug|Any CPU
		{B7E64353-B374-490C-B8AD-087B508EA2DE}.Debug|Any CPU.Build.0 = Debug|Any CPU
		{B7E64353-B374-490C-B8AD-087B508EA2DE}.Release|Any CPU.ActiveCfg = Release|Any CPU
		{B7E64353-B374-490C-B8AD-087B508EA2DE}.Release|Any CPU.Build.0 = Release|Any CPU
	EndGlobalSection
	GlobalSection(SolutionProperties) = preSolution
		HideSolutionNode = FALSE
	EndGlobalSection
	GlobalSection(ExtensibilityGlobals) = postSolution
		SolutionGuid = {CC8F313C-680A-4B33-AA71-F88F16240F88}
	EndGlobalSection
EndGlobal
